
Microsoft Visual Studio Solution File, Format Version 12.00
# Visual Studio 15
VisualStudioVersion = 15.0.27428.2043
MinimumVisualStudioVersion = 10.0.40219.1
Project("{9A19103F-16F7-4668-BE54-9A1E7A4F7556}") = "NMF", "..\NMF\NMF.csproj", "{3BC93636-A0FD-426D-BC77-988ADA5B336D}"
EndProject
Project("{FAE04EC0-301F-11D3-BF4B-00C04F79EFBC}") = "NaiadSolution", "NaiadSolution\NaiadSolution.csproj", "{4B08BA4D-3978-4366-B7F4-914739F63392}"
EndProject
Global
	GlobalSection(SolutionConfigurationPlatforms) = preSolution
		Debug|Any CPU = Debug|Any CPU
		Release|Any CPU = Release|Any CPU
	EndGlobalSection
	GlobalSection(ProjectConfigurationPlatforms) = postSolution
		{3BC93636-A0FD-426D-BC77-988ADA5B336D}.Debug|Any CPU.ActiveCfg = Debug|Any CPU
		{3BC93636-A0FD-426D-BC77-988ADA5B336D}.Debug|Any CPU.Build.0 = Debug|Any CPU
		{3BC93636-A0FD-426D-BC77-988ADA5B336D}.Release|Any CPU.ActiveCfg = Release|Any CPU
		{3BC93636-A0FD-426D-BC77-988ADA5B336D}.Release|Any CPU.Build.0 = Release|Any CPU
		{4B08BA4D-3978-4366-B7F4-914739F63392}.Debug|Any CPU.ActiveCfg = Debug|Any CPU
		{4B08BA4D-3978-4366-B7F4-914739F63392}.Debug|Any CPU.Build.0 = Debug|Any CPU
		{4B08BA4D-3978-4366-B7F4-914739F63392}.Release|Any CPU.ActiveCfg = Release|Any CPU
		{4B08BA4D-3978-4366-B7F4-914739F63392}.Release|Any CPU.Build.0 = Release|Any CPU
	EndGlobalSection
	GlobalSection(SolutionProperties) = preSolution
		HideSolutionNode = FALSE
	EndGlobalSection
	GlobalSection(ExtensibilityGlobals) = postSolution
		SolutionGuid = {459E62C8-EAD9-491E-88D1-9F0FB7617D62}
	EndGlobalSection
EndGlobal
